{
  "name": "WCLOUD_2",
  "lockfileVersion": 3,
  "requires": true,
  "packages": {
    "": {
      "dependencies": {
        "@shopify/draggable": "^1.1.4"
      }
    },
    "node_modules/@shopify/draggable": {
      "version": "1.1.4",
      "resolved": "https://registry.npmjs.org/@shopify/draggable/-/draggable-1.1.4.tgz",
      "integrity": "sha512-EkXxBtQH119pGpLWhhhIPEdaeirGcVwkh6Nft1nqbMdM4N6b4r4v9wCmR1/r2gjTwu888I6qGI0VSlhoYivbYw==",
      "license": "MIT"
    }
  }
}
